
Microsoft Visual Studio Solution File, Format Version 12.00
# Visual Studio Version 16
VisualStudioVersion = 16.0.29911.84
MinimumVisualStudioVersion = 10.0.40219.1
Project("{FAE04EC0-301F-11D3-BF4B-00C04F79EFBC}") = "Lab2", "Lab2.csproj", "{88705FB7-D69D-42BF-9477-B0E9B596F716}"
EndProject
Global
	GlobalSection(SolutionConfigurationPlatforms) = preSolution
		Debug|Any CPU = Debug|Any CPU
		Release|Any CPU = Release|Any CPU
	EndGlobalSection
	GlobalSection(ProjectConfigurationPlatforms) = postSolution
		{88705FB7-D69D-42BF-9477-B0E9B596F716}.Debug|Any CPU.ActiveCfg = Debug|Any CPU
		{88705FB7-D69D-42BF-9477-B0E9B596F716}.Debug|Any CPU.Build.0 = Debug|Any CPU
		{88705FB7-D69D-42BF-9477-B0E9B596F716}.Release|Any CPU.ActiveCfg = Release|Any CPU
		{88705FB7-D69D-42BF-9477-B0E9B596F716}.Release|Any CPU.Build.0 = Release|Any CPU
	EndGlobalSection
	GlobalSection(SolutionProperties) = preSolution
		HideSolutionNode = FALSE
	EndGlobalSection
	GlobalSection(ExtensibilityGlobals) = postSolution
		SolutionGuid = {EB5E74F3-D3CD-4A77-8BC5-20674465EE7F}
	EndGlobalSection
EndGlobal
